
Microsoft Visual Studio Solution File, Format Version 12.00
# Visual Studio Version 17
VisualStudioVersion = 17.4.33110.190
MinimumVisualStudioVersion = 10.0.40219.1
Project("{FAE04EC0-301F-11D3-BF4B-00C04F79EFBC}") = "ArenaEngine", "ArenaEngine\ArenaEngine.csproj", "{65316199-7F34-4F9A-B768-1889E1F26905}"
EndProject
Project("{FAE04EC0-301F-11D3-BF4B-00C04F79EFBC}") = "ArenaTest", "ArenaTest\ArenaTest.csproj", "{7F115F1E-9419-49A9-B949-2417233B30A9}"
EndProject
Project("{FAE04EC0-301F-11D3-BF4B-00C04F79EFBC}") = "ArenaConsoleApp", "ArenaConsoleApp\ArenaConsoleApp.csproj", "{2DD1D6B0-9856-4DE4-BC94-1B54657C2E56}"
EndProject
Global
	GlobalSection(SolutionConfigurationPlatforms) = preSolution
		Debug|Any CPU = Debug|Any CPU
		Release|Any CPU = Release|Any CPU
	EndGlobalSection
	GlobalSection(ProjectConfigurationPlatforms) = postSolution
		{65316199-7F34-4F9A-B768-1889E1F26905}.Debug|Any CPU.ActiveCfg = Debug|Any CPU
		{65316199-7F34-4F9A-B768-1889E1F26905}.Debug|Any CPU.Build.0 = Debug|Any CPU
		{65316199-7F34-4F9A-B768-1889E1F26905}.Release|Any CPU.ActiveCfg = Release|Any CPU
		{65316199-7F34-4F9A-B768-1889E1F26905}.Release|Any CPU.Build.0 = Release|Any CPU
		{7F115F1E-9419-49A9-B949-2417233B30A9}.Debug|Any CPU.ActiveCfg = Debug|Any CPU
		{7F115F1E-9419-49A9-B949-2417233B30A9}.Debug|Any CPU.Build.0 = Debug|Any CPU
		{7F115F1E-9419-49A9-B949-2417233B30A9}.Release|Any CPU.ActiveCfg = Release|Any CPU
		{7F115F1E-9419-49A9-B949-2417233B30A9}.Release|Any CPU.Build.0 = Release|Any CPU
		{2DD1D6B0-9856-4DE4-BC94-1B54657C2E56}.Debug|Any CPU.ActiveCfg = Debug|Any CPU
		{2DD1D6B0-9856-4DE4-BC94-1B54657C2E56}.Debug|Any CPU.Build.0 = Debug|Any CPU
		{2DD1D6B0-9856-4DE4-BC94-1B54657C2E56}.Release|Any CPU.ActiveCfg = Release|Any CPU
		{2DD1D6B0-9856-4DE4-BC94-1B54657C2E56}.Release|Any CPU.Build.0 = Release|Any CPU
	EndGlobalSection
	GlobalSection(SolutionProperties) = preSolution
		HideSolutionNode = FALSE
	EndGlobalSection
	GlobalSection(ExtensibilityGlobals) = postSolution
		SolutionGuid = {8E9F47A0-02E3-4BA8-8353-469D94212681}
	EndGlobalSection
EndGlobal
