
Microsoft Visual Studio Solution File, Format Version 12.00
# Visual Studio Version 17
VisualStudioVersion = 17.4.33110.190
MinimumVisualStudioVersion = 10.0.40219.1
Project("{FAE04EC0-301F-11D3-BF4B-00C04F79EFBC}") = "App4di.Dotnet.ArenaEngine", "ArenaEngine\App4di.Dotnet.ArenaEngine.csproj", "{65316199-7F34-4F9A-B768-1889E1F26905}"
EndProject
Project("{FAE04EC0-301F-11D3-BF4B-00C04F79EFBC}") = "App4di.Dotnet.ArenaTest", "ArenaTest\App4di.Dotnet.ArenaTest.csproj", "{7F115F1E-9419-49A9-B949-2417233B30A9}"
EndProject
Project("{FAE04EC0-301F-11D3-BF4B-00C04F79EFBC}") = "App4di.Dotnet.ArenaConsoleApp", "ArenaConsoleApp\App4di.Dotnet.ArenaConsoleApp.csproj", "{2DD1D6B0-9856-4DE4-BC94-1B54657C2E56}"
EndProject
Project("{2150E333-8FDC-42A3-9474-1A3956D46DE8}") = "FirstParty", "FirstParty", "{9004C390-8557-4CCB-83EF-02D3C1232EFA}"
EndProject
Project("{FAE04EC0-301F-11D3-BF4B-00C04F79EFBC}") = "FW4di.Dotnet.Core", "FirstParty\FW4di.Dotnet.Core\Project\FW4di.Dotnet.Core\FW4di.Dotnet.Core.csproj", "{D37EE4E0-3443-45F6-8567-04E2EADE43BD}"
EndProject
Global
	GlobalSection(SolutionConfigurationPlatforms) = preSolution
		Debug|Any CPU = Debug|Any CPU
		Release|Any CPU = Release|Any CPU
	EndGlobalSection
	GlobalSection(ProjectConfigurationPlatforms) = postSolution
		{65316199-7F34-4F9A-B768-1889E1F26905}.Debug|Any CPU.ActiveCfg = Debug|Any CPU
		{65316199-7F34-4F9A-B768-1889E1F26905}.Debug|Any CPU.Build.0 = Debug|Any CPU
		{65316199-7F34-4F9A-B768-1889E1F26905}.Release|Any CPU.ActiveCfg = Release|Any CPU
		{65316199-7F34-4F9A-B768-1889E1F26905}.Release|Any CPU.Build.0 = Release|Any CPU
		{7F115F1E-9419-49A9-B949-2417233B30A9}.Debug|Any CPU.ActiveCfg = Debug|Any CPU
		{7F115F1E-9419-49A9-B949-2417233B30A9}.Debug|Any CPU.Build.0 = Debug|Any CPU
		{7F115F1E-9419-49A9-B949-2417233B30A9}.Release|Any CPU.ActiveCfg = Release|Any CPU
		{7F115F1E-9419-49A9-B949-2417233B30A9}.Release|Any CPU.Build.0 = Release|Any CPU
		{2DD1D6B0-9856-4DE4-BC94-1B54657C2E56}.Debug|Any CPU.ActiveCfg = Debug|Any CPU
		{2DD1D6B0-9856-4DE4-BC94-1B54657C2E56}.Debug|Any CPU.Build.0 = Debug|Any CPU
		{2DD1D6B0-9856-4DE4-BC94-1B54657C2E56}.Release|Any CPU.ActiveCfg = Release|Any CPU
		{2DD1D6B0-9856-4DE4-BC94-1B54657C2E56}.Release|Any CPU.Build.0 = Release|Any CPU
		{D37EE4E0-3443-45F6-8567-04E2EADE43BD}.Debug|Any CPU.ActiveCfg = Debug|Any CPU
		{D37EE4E0-3443-45F6-8567-04E2EADE43BD}.Debug|Any CPU.Build.0 = Debug|Any CPU
		{D37EE4E0-3443-45F6-8567-04E2EADE43BD}.Release|Any CPU.ActiveCfg = Release|Any CPU
		{D37EE4E0-3443-45F6-8567-04E2EADE43BD}.Release|Any CPU.Build.0 = Release|Any CPU
	EndGlobalSection
	GlobalSection(SolutionProperties) = preSolution
		HideSolutionNode = FALSE
	EndGlobalSection
	GlobalSection(ExtensibilityGlobals) = postSolution
		SolutionGuid = {8E9F47A0-02E3-4BA8-8353-469D94212681}
	EndGlobalSection
	GlobalSection(NestedProjects) = preSolution
		{D37EE4E0-3443-45F6-8567-04E2EADE43BD} = {9004C390-8557-4CCB-83EF-02D3C1232EFA}
	EndGlobalSection
EndGlobal
